// !$*UTF8*$!
{
	archiveVersion = 1;
	classes = {
	};
	objectVersion = 46;
	objects = {

/* Begin PBXBuildFile section */
		3C1CB4391B276BE2003024EB /* AppDelegate.swift in Sources */ = {isa = PBXBuildFile; fileRef = 3C1CB4381B276BE2003024EB /* AppDelegate.swift */; };
		3C1CB43B1B276BE2003024EB /* ViewController.swift in Sources */ = {isa = PBXBuildFile; fileRef = 3C1CB43A1B276BE2003024EB /* ViewController.swift */; };
		3C1CB43E1B276BE2003024EB /* Main.storyboard in Resources */ = {isa = PBXBuildFile; fileRef = 3C1CB43C1B276BE2003024EB /* Main.storyboard */; };
		3C1CB4401B276BE2003024EB /* Images.xcassets in Resources */ = {isa = PBXBuildFile; fileRef = 3C1CB43F1B276BE2003024EB /* Images.xcassets */; };
		3C1CB4431B276BE2003024EB /* LaunchScreen.xib in Resources */ = {isa = PBXBuildFile; fileRef = 3C1CB4411B276BE2003024EB /* LaunchScreen.xib */; };
		3C1CB4571B276C84003024EB /* ContainerView.swift in Sources */ = {isa = PBXBuildFile; fileRef = 3C1CB4561B276C84003024EB /* ContainerView.swift */; };
		3C210B271AE941F20009E1C0 /* BasicTextViewCell.swift in Sources */ = {isa = PBXBuildFile; fileRef = 3C210B261AE941F20009E1C0 /* BasicTextViewCell.swift */; };
		3C210B291AE94B510009E1C0 /* UIKit+Ext.swift in Sources */ = {isa = PBXBuildFile; fileRef = 3C210B281AE94B510009E1C0 /* UIKit+Ext.swift */; };
		3C8F00831AEA083E00D658B1 /* LabelSwitchCell.swift in Sources */ = {isa = PBXBuildFile; fileRef = 3C8F00821AEA083E00D658B1 /* LabelSwitchCell.swift */; };
		3C921F121AE98E1800604203 /* BasicDatePickerCell.swift in Sources */ = {isa = PBXBuildFile; fileRef = 3C921F111AE98E1800604203 /* BasicDatePickerCell.swift */; };
		3CB33FA51AE822D20012E4A4 /* AppDelegate.swift in Sources */ = {isa = PBXBuildFile; fileRef = 3CB33FA41AE822D20012E4A4 /* AppDelegate.swift */; };
		3CB33FAA1AE822D20012E4A4 /* Main.storyboard in Resources */ = {isa = PBXBuildFile; fileRef = 3CB33FA81AE822D20012E4A4 /* Main.storyboard */; };
		3CB33FAC1AE822D20012E4A4 /* Images.xcassets in Resources */ = {isa = PBXBuildFile; fileRef = 3CB33FAB1AE822D20012E4A4 /* Images.xcassets */; };
		3CB33FAF1AE822D20012E4A4 /* LaunchScreen.xib in Resources */ = {isa = PBXBuildFile; fileRef = 3CB33FAD1AE822D20012E4A4 /* LaunchScreen.xib */; };
		3CB33FC51AE823470012E4A4 /* MyTableViewController.swift in Sources */ = {isa = PBXBuildFile; fileRef = 3CB33FC41AE823470012E4A4 /* MyTableViewController.swift */; };
		3CB33FC71AE8240C0012E4A4 /* BasicTextFieldCell.swift in Sources */ = {isa = PBXBuildFile; fileRef = 3CB33FC61AE8240C0012E4A4 /* BasicTextFieldCell.swift */; };
/* End PBXBuildFile section */

/* Begin PBXFileReference section */
		3C1CB4341B276BE2003024EB /* NoTable.app */ = {isa = PBXFileReference; explicitFileType = wrapper.application; includeInIndex = 0; path = NoTable.app; sourceTree = BUILT_PRODUCTS_DIR; };
		3C1CB4371B276BE2003024EB /* Info.plist */ = {isa = PBXFileReference; lastKnownFileType = text.plist.xml; path = Info.plist; sourceTree = "<group>"; };
		3C1CB4381B276BE2003024EB /* AppDelegate.swift */ = {isa = PBXFileReference; lastKnownFileType = sourcecode.swift; path = AppDelegate.swift; sourceTree = "<group>"; };
		3C1CB43A1B276BE2003024EB /* ViewController.swift */ = {isa = PBXFileReference; lastKnownFileType = sourcecode.swift; path = ViewController.swift; sourceTree = "<group>"; };
		3C1CB43D1B276BE2003024EB /* Base */ = {isa = PBXFileReference; lastKnownFileType = file.storyboard; name = Base; path = Base.lproj/Main.storyboard; sourceTree = "<group>"; };
		3C1CB43F1B276BE2003024EB /* Images.xcassets */ = {isa = PBXFileReference; lastKnownFileType = folder.assetcatalog; path = Images.xcassets; sourceTree = "<group>"; };
		3C1CB4421B276BE2003024EB /* Base */ = {isa = PBXFileReference; lastKnownFileType = file.xib; name = Base; path = Base.lproj/LaunchScreen.xib; sourceTree = "<group>"; };
		3C1CB4561B276C84003024EB /* ContainerView.swift */ = {isa = PBXFileReference; fileEncoding = 4; lastKnownFileType = sourcecode.swift; path = ContainerView.swift; sourceTree = "<group>"; };
		3C210B261AE941F20009E1C0 /* BasicTextViewCell.swift */ = {isa = PBXFileReference; fileEncoding = 4; lastKnownFileType = sourcecode.swift; path = BasicTextViewCell.swift; sourceTree = "<group>"; };
		3C210B281AE94B510009E1C0 /* UIKit+Ext.swift */ = {isa = PBXFileReference; fileEncoding = 4; lastKnownFileType = sourcecode.swift; path = "UIKit+Ext.swift"; sourceTree = "<group>"; };
		3C7B26111B27AD8D00CF593F /* README.md */ = {isa = PBXFileReference; lastKnownFileType = net.daringfireball.markdown; path = README.md; sourceTree = "<group>"; };
		3C8F00821AEA083E00D658B1 /* LabelSwitchCell.swift */ = {isa = PBXFileReference; fileEncoding = 4; lastKnownFileType = sourcecode.swift; path = LabelSwitchCell.swift; sourceTree = "<group>"; };
		3C921F111AE98E1800604203 /* BasicDatePickerCell.swift */ = {isa = PBXFileReference; fileEncoding = 4; lastKnownFileType = sourcecode.swift; path = BasicDatePickerCell.swift; sourceTree = "<group>"; };
		3CB33F9F1AE822D20012E4A4 /* MyTableViewCells.app */ = {isa = PBXFileReference; explicitFileType = wrapper.application; includeInIndex = 0; path = MyTableViewCells.app; sourceTree = BUILT_PRODUCTS_DIR; };
		3CB33FA31AE822D20012E4A4 /* Info.plist */ = {isa = PBXFileReference; lastKnownFileType = text.plist.xml; path = Info.plist; sourceTree = "<group>"; };
		3CB33FA41AE822D20012E4A4 /* AppDelegate.swift */ = {isa = PBXFileReference; lastKnownFileType = sourcecode.swift; path = AppDelegate.swift; sourceTree = "<group>"; };
		3CB33FA91AE822D20012E4A4 /* Base */ = {isa = PBXFileReference; lastKnownFileType = file.storyboard; name = Base; path = Base.lproj/Main.storyboard; sourceTree = "<group>"; };
		3CB33FAB1AE822D20012E4A4 /* Images.xcassets */ = {isa = PBXFileReference; lastKnownFileType = folder.assetcatalog; path = Images.xcassets; sourceTree = "<group>"; };
		3CB33FAE1AE822D20012E4A4 /* Base */ = {isa = PBXFileReference; lastKnownFileType = file.xib; name = Base; path = Base.lproj/LaunchScreen.xib; sourceTree = "<group>"; };
		3CB33FC41AE823470012E4A4 /* MyTableViewController.swift */ = {isa = PBXFileReference; fileEncoding = 4; lastKnownFileType = sourcecode.swift; path = MyTableViewController.swift; sourceTree = "<group>"; };
		3CB33FC61AE8240C0012E4A4 /* BasicTextFieldCell.swift */ = {isa = PBXFileReference; fileEncoding = 4; lastKnownFileType = sourcecode.swift; path = BasicTextFieldCell.swift; sourceTree = "<group>"; };
/* End PBXFileReference section */

/* Begin PBXFrameworksBuildPhase section */
		3C1CB4311B276BE2003024EB /* Frameworks */ = {
			isa = PBXFrameworksBuildPhase;
			buildActionMask = 2147483647;
			files = (
			);
			runOnlyForDeploymentPostprocessing = 0;
		};
		3CB33F9C1AE822D20012E4A4 /* Frameworks */ = {
			isa = PBXFrameworksBuildPhase;
			buildActionMask = 2147483647;
			files = (
			);
			runOnlyForDeploymentPostprocessing = 0;
		};
/* End PBXFrameworksBuildPhase section */

/* Begin PBXGroup section */
		3C1CB4351B276BE2003024EB /* NoTable */ = {
			isa = PBXGroup;
			children = (
				3C1CB4381B276BE2003024EB /* AppDelegate.swift */,
				3C1CB43A1B276BE2003024EB /* ViewController.swift */,
				3C1CB43C1B276BE2003024EB /* Main.storyboard */,
				3C1CB43F1B276BE2003024EB /* Images.xcassets */,
				3C1CB4411B276BE2003024EB /* LaunchScreen.xib */,
				3C1CB4361B276BE2003024EB /* Supporting Files */,
				3C1CB4561B276C84003024EB /* ContainerView.swift */,
			);
			path = NoTable;
			sourceTree = "<group>";
		};
		3C1CB4361B276BE2003024EB /* Supporting Files */ = {
			isa = PBXGroup;
			children = (
				3C1CB4371B276BE2003024EB /* Info.plist */,
			);
			name = "Supporting Files";
			sourceTree = "<group>";
		};
		3CB33F961AE822D20012E4A4 = {
			isa = PBXGroup;
			children = (
				3C7B26111B27AD8D00CF593F /* README.md */,
				3CB33FA11AE822D20012E4A4 /* MyTableViewCells */,
				3C1CB4351B276BE2003024EB /* NoTable */,
				3CB33FA01AE822D20012E4A4 /* Products */,
			);
			sourceTree = "<group>";
		};
		3CB33FA01AE822D20012E4A4 /* Products */ = {
			isa = PBXGroup;
			children = (
				3CB33F9F1AE822D20012E4A4 /* MyTableViewCells.app */,
				3C1CB4341B276BE2003024EB /* NoTable.app */,
			);
			name = Products;
			sourceTree = "<group>";
		};
		3CB33FA11AE822D20012E4A4 /* MyTableViewCells */ = {
			isa = PBXGroup;
			children = (
				3CB33FC61AE8240C0012E4A4 /* BasicTextFieldCell.swift */,
				3CB33FC41AE823470012E4A4 /* MyTableViewController.swift */,
				3C210B261AE941F20009E1C0 /* BasicTextViewCell.swift */,
				3C921F111AE98E1800604203 /* BasicDatePickerCell.swift */,
				3C8F00821AEA083E00D658B1 /* LabelSwitchCell.swift */,
				3CB33FA41AE822D20012E4A4 /* AppDelegate.swift */,
				3CB33FA81AE822D20012E4A4 /* Main.storyboard */,
				3CB33FAB1AE822D20012E4A4 /* Images.xcassets */,
				3CB33FAD1AE822D20012E4A4 /* LaunchScreen.xib */,
				3CB33FA21AE822D20012E4A4 /* Supporting Files */,
				3C210B281AE94B510009E1C0 /* UIKit+Ext.swift */,
			);
			path = MyTableViewCells;
			sourceTree = "<group>";
		};
		3CB33FA21AE822D20012E4A4 /* Supporting Files */ = {
			isa = PBXGroup;
			children = (
				3CB33FA31AE822D20012E4A4 /* Info.plist */,
			);
			name = "Supporting Files";
			sourceTree = "<group>";
		};
/* End PBXGroup section */

/* Begin PBXNativeTarget section */
		3C1CB4331B276BE2003024EB /* NoTable */ = {
			isa = PBXNativeTarget;
			buildConfigurationList = 3C1CB4541B276BE2003024EB /* Build configuration list for PBXNativeTarget "NoTable" */;
			buildPhases = (
				3C1CB4301B276BE2003024EB /* Sources */,
				3C1CB4311B276BE2003024EB /* Frameworks */,
				3C1CB4321B276BE2003024EB /* Resources */,
			);
			buildRules = (
			);
			dependencies = (
			);
			name = NoTable;
			productName = NoTable;
			productReference = 3C1CB4341B276BE2003024EB /* NoTable.app */;
			productType = "com.apple.product-type.application";
		};
		3CB33F9E1AE822D20012E4A4 /* MyTableViewCells */ = {
			isa = PBXNativeTarget;
			buildConfigurationList = 3CB33FBE1AE822D20012E4A4 /* Build configuration list for PBXNativeTarget "MyTableViewCells" */;
			buildPhases = (
				3CB33F9B1AE822D20012E4A4 /* Sources */,
				3CB33F9C1AE822D20012E4A4 /* Frameworks */,
				3CB33F9D1AE822D20012E4A4 /* Resources */,
			);
			buildRules = (
			);
			dependencies = (
			);
			name = MyTableViewCells;
			productName = MyTableViewCells;
			productReference = 3CB33F9F1AE822D20012E4A4 /* MyTableViewCells.app */;
			productType = "com.apple.product-type.application";
		};
/* End PBXNativeTarget section */

/* Begin PBXProject section */
		3CB33F971AE822D20012E4A4 /* Project object */ = {
			isa = PBXProject;
			attributes = {
				LastUpgradeCheck = 0630;
				ORGANIZATIONNAME = "Benjamin King";
				TargetAttributes = {
					3C1CB4331B276BE2003024EB = {
						CreatedOnToolsVersion = 6.3.2;
					};
					3CB33F9E1AE822D20012E4A4 = {
						CreatedOnToolsVersion = 6.3.1;
					};
				};
			};
			buildConfigurationList = 3CB33F9A1AE822D20012E4A4 /* Build configuration list for PBXProject "MyTableViewCells" */;
			compatibilityVersion = "Xcode 3.2";
			developmentRegion = English;
			hasScannedForEncodings = 0;
			knownRegions = (
				en,
				Base,
			);
			mainGroup = 3CB33F961AE822D20012E4A4;
			productRefGroup = 3CB33FA01AE822D20012E4A4 /* Products */;
			projectDirPath = "";
			projectRoot = "";
			targets = (
				3CB33F9E1AE822D20012E4A4 /* MyTableViewCells */,
				3C1CB4331B276BE2003024EB /* NoTable */,
			);
		};
/* End PBXProject section */

/* Begin PBXResourcesBuildPhase section */
		3C1CB4321B276BE2003024EB /* Resources */ = {
			isa = PBXResourcesBuildPhase;
			buildActionMask = 2147483647;
			files = (
				3C1CB43E1B276BE2003024EB /* Main.storyboard in Resources */,
				3C1CB4431B276BE2003024EB /* LaunchScreen.xib in Resources */,
				3C1CB4401B276BE2003024EB /* Images.xcassets in Resources */,
			);
			runOnlyForDeploymentPostprocessing = 0;
		};
		3CB33F9D1AE822D20012E4A4 /* Resources */ = {
			isa = PBXResourcesBuildPhase;
			buildActionMask = 2147483647;
			files = (
				3CB33FAA1AE822D20012E4A4 /* Main.storyboard in Resources */,
				3CB33FAF1AE822D20012E4A4 /* LaunchScreen.xib in Resources */,
				3CB33FAC1AE822D20012E4A4 /* Images.xcassets in Resources */,
			);
			runOnlyForDeploymentPostprocessing = 0;
		};
/* End PBXResourcesBuildPhase section */

/* Begin PBXSourcesBuildPhase section */
		3C1CB4301B276BE2003024EB /* Sources */ = {
			isa = PBXSourcesBuildPhase;
			buildActionMask = 2147483647;
			files = (
				3C1CB43B1B276BE2003024EB /* ViewController.swift in Sources */,
				3C1CB4391B276BE2003024EB /* AppDelegate.swift in Sources */,
				3C1CB4571B276C84003024EB /* ContainerView.swift in Sources */,
			);
			runOnlyForDeploymentPostprocessing = 0;
		};
		3CB33F9B1AE822D20012E4A4 /* Sources */ = {
			isa = PBXSourcesBuildPhase;
			buildActionMask = 2147483647;
			files = (
				3C210B271AE941F20009E1C0 /* BasicTextViewCell.swift in Sources */,
				3CB33FC51AE823470012E4A4 /* MyTableViewController.swift in Sources */,
				3C8F00831AEA083E00D658B1 /* LabelSwitchCell.swift in Sources */,
				3C921F121AE98E1800604203 /* BasicDatePickerCell.swift in Sources */,
				3CB33FA51AE822D20012E4A4 /* AppDelegate.swift in Sources */,
				3CB33FC71AE8240C0012E4A4 /* BasicTextFieldCell.swift in Sources */,
				3C210B291AE94B510009E1C0 /* UIKit+Ext.swift in Sources */,
			);
			runOnlyForDeploymentPostprocessing = 0;
		};
/* End PBXSourcesBuildPhase section */

/* Begin PBXVariantGroup section */
		3C1CB43C1B276BE2003024EB /* Main.storyboard */ = {
			isa = PBXVariantGroup;
			children = (
				3C1CB43D1B276BE2003024EB /* Base */,
			);
			name = Main.storyboard;
			sourceTree = "<group>";
		};
		3C1CB4411B276BE2003024EB /* LaunchScreen.xib */ = {
			isa = PBXVariantGroup;
			children = (
				3C1CB4421B276BE2003024EB /* Base */,
			);
			name = LaunchScreen.xib;
			sourceTree = "<group>";
		};
		3CB33FA81AE822D20012E4A4 /* Main.storyboard */ = {
			isa = PBXVariantGroup;
			children = (
				3CB33FA91AE822D20012E4A4 /* Base */,
			);
			name = Main.storyboard;
			sourceTree = "<group>";
		};
		3CB33FAD1AE822D20012E4A4 /* LaunchScreen.xib */ = {
			isa = PBXVariantGroup;
			children = (
				3CB33FAE1AE822D20012E4A4 /* Base */,
			);
			name = LaunchScreen.xib;
			sourceTree = "<group>";
		};
/* End PBXVariantGroup section */

/* Begin XCBuildConfiguration section */
		3C1CB4501B276BE2003024EB /* Debug */ = {
			isa = XCBuildConfiguration;
			buildSettings = {
				ASSETCATALOG_COMPILER_APPICON_NAME = AppIcon;
				GCC_PREPROCESSOR_DEFINITIONS = (
					"DEBUG=1",
					"$(inherited)",
				);
				INFOPLIST_FILE = NoTable/Info.plist;
				LD_RUNPATH_SEARCH_PATHS = "$(inherited) @executable_path/Frameworks";
				PRODUCT_NAME = "$(TARGET_NAME)";
			};
			name = Debug;
		};
		3C1CB4511B276BE2003024EB /* Release */ = {
			isa = XCBuildConfiguration;
			buildSettings = {
				ASSETCATALOG_COMPILER_APPICON_NAME = AppIcon;
				INFOPLIST_FILE = NoTable/Info.plist;
				LD_RUNPATH_SEARCH_PATHS = "$(inherited) @executable_path/Frameworks";
				PRODUCT_NAME = "$(TARGET_NAME)";
			};
			name = Release;
		};
		3CB33FBC1AE822D20012E4A4 /* Debug */ = {
			isa = XCBuildConfiguration;
			buildSettings = {
				ALWAYS_SEARCH_USER_PATHS = NO;
				CLANG_CXX_LANGUAGE_STANDARD = "gnu++0x";
				CLANG_CXX_LIBRARY = "libc++";
				CLANG_ENABLE_MODULES = YES;
				CLANG_ENABLE_OBJC_ARC = YES;
				CLANG_WARN_BOOL_CONVERSION = YES;
				CLANG_WARN_CONSTANT_CONVERSION = YES;
				CLANG_WARN_DIRECT_OBJC_ISA_USAGE = YES_ERROR;
				CLANG_WARN_EMPTY_BODY = YES;
				CLANG_WARN_ENUM_CONVERSION = YES;
				CLANG_WARN_INT_CONVERSION = YES;
				CLANG_WARN_OBJC_ROOT_CLASS = YES_ERROR;
				CLANG_WARN_UNREACHABLE_CODE = YES;
				CLANG_WARN__DUPLICATE_METHOD_MATCH = YES;
				"CODE_SIGN_IDENTITY[sdk=iphoneos*]" = "iPhone Developer";
				COPY_PHASE_STRIP = NO;
				DEBUG_INFORMATION_FORMAT = "dwarf-with-dsym";
				ENABLE_STRICT_OBJC_MSGSEND = YES;
				GCC_C_LANGUAGE_STANDARD = gnu99;
				GCC_DYNAMIC_NO_PIC = NO;
				GCC_NO_COMMON_BLOCKS = YES;
				GCC_OPTIMIZATION_LEVEL = 0;
				GCC_PREPROCESSOR_DEFINITIONS = (
					"DEBUG=1",
					"$(inherited)",
				);
				GCC_SYMBOLS_PRIVATE_EXTERN = NO;
				GCC_WARN_64_TO_32_BIT_CONVERSION = YES;
				GCC_WARN_ABOUT_RETURN_TYPE = YES_ERROR;
				GCC_WARN_UNDECLARED_SELECTOR = YES;
				GCC_WARN_UNINITIALIZED_AUTOS = YES_AGGRESSIVE;
				GCC_WARN_UNUSED_FUNCTION = YES;
				GCC_WARN_UNUSED_VARIABLE = YES;
				IPHONEOS_DEPLOYMENT_TARGET = 8.3;
				MTL_ENABLE_DEBUG_INFO = YES;
				ONLY_ACTIVE_ARCH = YES;
				SDKROOT = iphoneos;
				SWIFT_OPTIMIZATION_LEVEL = "-Onone";
				TARGETED_DEVICE_FAMILY = "1,2";
			};
			name = Debug;
		};
		3CB33FBD1AE822D20012E4A4 /* Release */ = {
			isa = XCBuildConfiguration;
			buildSettings = {
				ALWAYS_SEARCH_USER_PATHS = NO;
				CLANG_CXX_LANGUAGE_STANDARD = "gnu++0x";
				CLANG_CXX_LIBRARY = "libc++";
				CLANG_ENABLE_MODULES = YES;
				CLANG_ENABLE_OBJC_ARC = YES;
				CLANG_WARN_BOOL_CONVERSION = YES;
				CLANG_WARN_CONSTANT_CONVERSION = YES;
				CLANG_WARN_DIRECT_OBJC_ISA_USAGE = YES_ERROR;
				CLANG_WARN_EMPTY_BODY = YES;
				CLANG_WARN_ENUM_CONVERSION = YES;
				CLANG_WARN_INT_CONVERSION = YES;
				CLANG_WARN_OBJC_ROOT_CLASS = YES_ERROR;
				CLANG_WARN_UNREACHABLE_CODE = YES;
				CLANG_WARN__DUPLICATE_METHOD_MATCH = YES;
				"CODE_SIGN_IDENTITY[sdk=iphoneos*]" = "iPhone Developer";
				COPY_PHASE_STRIP = NO;
				DEBUG_INFORMATION_FORMAT = "dwarf-with-dsym";
				ENABLE_NS_ASSERTIONS = NO;
				ENABLE_STRICT_OBJC_MSGSEND = YES;
				GCC_C_LANGUAGE_STANDARD = gnu99;
				GCC_NO_COMMON_BLOCKS = YES;
				GCC_WARN_64_TO_32_BIT_CONVERSION = YES;
				GCC_WARN_ABOUT_RETURN_TYPE = YES_ERROR;
				GCC_WARN_UNDECLARED_SELECTOR = YES;
				GCC_WARN_UNINITIALIZED_AUTOS = YES_AGGRESSIVE;
				GCC_WARN_UNUSED_FUNCTION = YES;
				GCC_WARN_UNUSED_VARIABLE = YES;
				IPHONEOS_DEPLOYMENT_TARGET = 8.3;
				MTL_ENABLE_DEBUG_INFO = NO;
				SDKROOT = iphoneos;
				TARGETED_DEVICE_FAMILY = "1,2";
				VALIDATE_PRODUCT = YES;
			};
			name = Release;
		};
		3CB33FBF1AE822D20012E4A4 /* Debug */ = {
			isa = XCBuildConfiguration;
			buildSettings = {
				ASSETCATALOG_COMPILER_APPICON_NAME = AppIcon;
				INFOPLIST_FILE = MyTableViewCells/Info.plist;
				IPHONEOS_DEPLOYMENT_TARGET = 8.0;
				LD_RUNPATH_SEARCH_PATHS = "$(inherited) @executable_path/Frameworks";
				PRODUCT_NAME = "$(TARGET_NAME)";
			};
			name = Debug;
		};
		3CB33FC01AE822D20012E4A4 /* Release */ = {
			isa = XCBuildConfiguration;
			buildSettings = {
				ASSETCATALOG_COMPILER_APPICON_NAME = AppIcon;
				INFOPLIST_FILE = MyTableViewCells/Info.plist;
				IPHONEOS_DEPLOYMENT_TARGET = 8.0;
				LD_RUNPATH_SEARCH_PATHS = "$(inherited) @executable_path/Frameworks";
				PRODUCT_NAME = "$(TARGET_NAME)";
			};
			name = Release;
		};
/* End XCBuildConfiguration section */

/* Begin XCConfigurationList section */
		3C1CB4541B276BE2003024EB /* Build configuration list for PBXNativeTarget "NoTable" */ = {
			isa = XCConfigurationList;
			buildConfigurations = (
				3C1CB4501B276BE2003024EB /* Debug */,
				3C1CB4511B276BE2003024EB /* Release */,
			);
			defaultConfigurationIsVisible = 0;
			defaultConfigurationName = Release;
		};
		3CB33F9A1AE822D20012E4A4 /* Build configuration list for PBXProject "MyTableViewCells" */ = {
			isa = XCConfigurationList;
			buildConfigurations = (
				3CB33FBC1AE822D20012E4A4 /* Debug */,
				3CB33FBD1AE822D20012E4A4 /* Release */,
			);
			defaultConfigurationIsVisible = 0;
			defaultConfigurationName = Release;
		};
		3CB33FBE1AE822D20012E4A4 /* Build configuration list for PBXNativeTarget "MyTableViewCells" */ = {
			isa = XCConfigurationList;
			buildConfigurations = (
				3CB33FBF1AE822D20012E4A4 /* Debug */,
				3CB33FC01AE822D20012E4A4 /* Release */,
			);
			defaultConfigurationIsVisible = 0;
			defaultConfigurationName = Release;
		};
/* End XCConfigurationList section */
	};
	rootObject = 3CB33F971AE822D20012E4A4 /* Project object */;
}
